
Microsoft Visual Studio Solution File, Format Version 12.00
# Visual Studio Version 17
VisualStudioVersion = 17.8.34330.188
MinimumVisualStudioVersion = 10.0.40219.1
Project("{9A19103F-16F7-4668-BE54-9A1E7A4F7556}") = "UserAuthentication", "UserAuthentication\UserAuthentication.csproj", "{50F8F178-AE4E-409D-AADE-B17189F5DD47}"
EndProject
Project("{9A19103F-16F7-4668-BE54-9A1E7A4F7556}") = "Service", "AuthenticationService\Service.csproj", "{8045506E-C3F4-4F9D-ACB9-042090DF36B1}"
EndProject
Project("{9A19103F-16F7-4668-BE54-9A1E7A4F7556}") = "Domain", "Domain\Domain.csproj", "{16A0E9E9-0966-4D5E-8D6E-086FBBAB48DC}"
EndProject
Project("{2150E333-8FDC-42A3-9474-1A3956D46DE8}") = "ApiGateWay", "ApiGateWay", "{D7905F30-63F8-47C8-A90D-F3A1FCDDBF14}"
EndProject
Project("{FAE04EC0-301F-11D3-BF4B-00C04F79EFBC}") = "ApiGateWay", "ApiGateWay\ApiGateWay.csproj", "{C1E0CE0C-31C8-44AC-9970-510441CDF1C8}"
EndProject
Global
	GlobalSection(SolutionConfigurationPlatforms) = preSolution
		Debug|Any CPU = Debug|Any CPU
		Release|Any CPU = Release|Any CPU
	EndGlobalSection
	GlobalSection(ProjectConfigurationPlatforms) = postSolution
		{50F8F178-AE4E-409D-AADE-B17189F5DD47}.Debug|Any CPU.ActiveCfg = Debug|Any CPU
		{50F8F178-AE4E-409D-AADE-B17189F5DD47}.Debug|Any CPU.Build.0 = Debug|Any CPU
		{50F8F178-AE4E-409D-AADE-B17189F5DD47}.Release|Any CPU.ActiveCfg = Release|Any CPU
		{50F8F178-AE4E-409D-AADE-B17189F5DD47}.Release|Any CPU.Build.0 = Release|Any CPU
		{8045506E-C3F4-4F9D-ACB9-042090DF36B1}.Debug|Any CPU.ActiveCfg = Debug|Any CPU
		{8045506E-C3F4-4F9D-ACB9-042090DF36B1}.Debug|Any CPU.Build.0 = Debug|Any CPU
		{8045506E-C3F4-4F9D-ACB9-042090DF36B1}.Release|Any CPU.ActiveCfg = Release|Any CPU
		{8045506E-C3F4-4F9D-ACB9-042090DF36B1}.Release|Any CPU.Build.0 = Release|Any CPU
		{16A0E9E9-0966-4D5E-8D6E-086FBBAB48DC}.Debug|Any CPU.ActiveCfg = Debug|Any CPU
		{16A0E9E9-0966-4D5E-8D6E-086FBBAB48DC}.Debug|Any CPU.Build.0 = Debug|Any CPU
		{16A0E9E9-0966-4D5E-8D6E-086FBBAB48DC}.Release|Any CPU.ActiveCfg = Release|Any CPU
		{16A0E9E9-0966-4D5E-8D6E-086FBBAB48DC}.Release|Any CPU.Build.0 = Release|Any CPU
		{C1E0CE0C-31C8-44AC-9970-510441CDF1C8}.Debug|Any CPU.ActiveCfg = Debug|Any CPU
		{C1E0CE0C-31C8-44AC-9970-510441CDF1C8}.Debug|Any CPU.Build.0 = Debug|Any CPU
		{C1E0CE0C-31C8-44AC-9970-510441CDF1C8}.Release|Any CPU.ActiveCfg = Release|Any CPU
		{C1E0CE0C-31C8-44AC-9970-510441CDF1C8}.Release|Any CPU.Build.0 = Release|Any CPU
	EndGlobalSection
	GlobalSection(SolutionProperties) = preSolution
		HideSolutionNode = FALSE
	EndGlobalSection
	GlobalSection(NestedProjects) = preSolution
		{C1E0CE0C-31C8-44AC-9970-510441CDF1C8} = {D7905F30-63F8-47C8-A90D-F3A1FCDDBF14}
	EndGlobalSection
	GlobalSection(ExtensibilityGlobals) = postSolution
		SolutionGuid = {F9ABBF89-B285-4818-868B-8A3CC4BF0BE8}
	EndGlobalSection
EndGlobal
